// !$*UTF8*$!
{
	archiveVersion = 1;
	classes = {
	};
	objectVersion = 50;
	objects = {

/* Begin PBXBuildFile section */
		22FF5321252AB89E00E97DB4 /* HorizonsData.csv in Resources */ = {isa = PBXBuildFile; fileRef = 22FF5320252AB89E00E97DB4 /* HorizonsData.csv */; };
		22FF5329252AB8AF00E97DB4 /* Cochlea_wave_animated.gif in Resources */ = {isa = PBXBuildFile; fileRef = 22FF5328252AB8AF00E97DB4 /* Cochlea_wave_animated.gif */; };
		22FF5331252ABF7E00E97DB4 /* MessageCenterViewController.swift in Sources */ = {isa = PBXBuildFile; fileRef = 22FF5330252ABF7E00E97DB4 /* MessageCenterViewController.swift */; };
		22FF533C252AC9B300E97DB4 /* CMessageViewController.swift in Sources */ = {isa = PBXBuildFile; fileRef = 22FF533B252AC9B300E97DB4 /* CMessageViewController.swift */; };
		22FF5341252AC9C300E97DB4 /* HammerViewController.swift in Sources */ = {isa = PBXBuildFile; fileRef = 22FF5340252AC9C300E97DB4 /* HammerViewController.swift */; };
		22FF5360252AD3D300E97DB4 /* TasksViewController.swift in Sources */ = {isa = PBXBuildFile; fileRef = 22FF535F252AD3D300E97DB4 /* TasksViewController.swift */; };
		22FF5368252AD43100E97DB4 /* TaskTableViewController.swift in Sources */ = {isa = PBXBuildFile; fileRef = 22FF5367252AD43100E97DB4 /* TaskTableViewController.swift */; };
		22FF5370252AD79D00E97DB4 /* LatencyViewController.swift in Sources */ = {isa = PBXBuildFile; fileRef = 22FF536F252AD79D00E97DB4 /* LatencyViewController.swift */; };
		22FF5394252AF6B400E97DB4 /* Loading@2x.jpg in Resources */ = {isa = PBXBuildFile; fileRef = 22FF5393252AF6B400E97DB4 /* Loading@2x.jpg */; };
		984B46852528E15D00440D26 /* AppDelegate.swift in Sources */ = {isa = PBXBuildFile; fileRef = 984B46842528E15D00440D26 /* AppDelegate.swift */; };
		984B46872528E15D00440D26 /* SceneDelegate.swift in Sources */ = {isa = PBXBuildFile; fileRef = 984B46862528E15D00440D26 /* SceneDelegate.swift */; };
		984B468C2528E15D00440D26 /* Main.storyboard in Resources */ = {isa = PBXBuildFile; fileRef = 984B468A2528E15D00440D26 /* Main.storyboard */; };
		984B468F2528E15D00440D26 /* RRSS.xcdatamodeld in Sources */ = {isa = PBXBuildFile; fileRef = 984B468D2528E15D00440D26 /* RRSS.xcdatamodeld */; };
		984B46912528E15D00440D26 /* Assets.xcassets in Resources */ = {isa = PBXBuildFile; fileRef = 984B46902528E15D00440D26 /* Assets.xcassets */; };
		984B46942528E15D00440D26 /* LaunchScreen.storyboard in Resources */ = {isa = PBXBuildFile; fileRef = 984B46922528E15D00440D26 /* LaunchScreen.storyboard */; };
		984B469F2528E15E00440D26 /* RRSSTests.swift in Sources */ = {isa = PBXBuildFile; fileRef = 984B469E2528E15E00440D26 /* RRSSTests.swift */; };
		984B46AA2528E15E00440D26 /* RRSSUITests.swift in Sources */ = {isa = PBXBuildFile; fileRef = 984B46A92528E15E00440D26 /* RRSSUITests.swift */; };
		984B46C42529021300440D26 /* HomeViewController.swift in Sources */ = {isa = PBXBuildFile; fileRef = 984B46C32529021300440D26 /* HomeViewController.swift */; };
		985C7A8625294C6000193B33 /* BandwidthViewController.swift in Sources */ = {isa = PBXBuildFile; fileRef = 985C7A8525294C6000193B33 /* BandwidthViewController.swift */; };
		985C7A8B2529519100193B33 /* EarthTimeView.swift in Sources */ = {isa = PBXBuildFile; fileRef = 985C7A8A2529519100193B33 /* EarthTimeView.swift */; };
		985C7A902529533F00193B33 /* MarsTimeView.swift in Sources */ = {isa = PBXBuildFile; fileRef = 985C7A8F2529533F00193B33 /* MarsTimeView.swift */; };
		985C7A9925295C3F00193B33 /* OpenTaskView.swift in Sources */ = {isa = PBXBuildFile; fileRef = 985C7A9825295C3F00193B33 /* OpenTaskView.swift */; };
		985C7A9E25295C4A00193B33 /* UnreadView.swift in Sources */ = {isa = PBXBuildFile; fileRef = 985C7A9D25295C4A00193B33 /* UnreadView.swift */; };
		985C7AA325295D1B00193B33 /* Bandwidth.swift in Sources */ = {isa = PBXBuildFile; fileRef = 985C7AA225295D1B00193B33 /* Bandwidth.swift */; };
		985C7AAB25296AAD00193B33 /* MessageTableViewController.swift in Sources */ = {isa = PBXBuildFile; fileRef = 985C7AAA25296AAD00193B33 /* MessageTableViewController.swift */; };
		9887913D252A814A00D0A71E /* BandwidthTextView.swift in Sources */ = {isa = PBXBuildFile; fileRef = 9887913C252A814A00D0A71E /* BandwidthTextView.swift */; };
		98879155252AABA600D0A71E /* MessageDetailViewController.swift in Sources */ = {isa = PBXBuildFile; fileRef = 98879154252AABA600D0A71E /* MessageDetailViewController.swift */; };
/* End PBXBuildFile section */

/* Begin PBXContainerItemProxy section */
		984B469B2528E15E00440D26 /* PBXContainerItemProxy */ = {
			isa = PBXContainerItemProxy;
			containerPortal = 984B46792528E15D00440D26 /* Project object */;
			proxyType = 1;
			remoteGlobalIDString = 984B46802528E15D00440D26;
			remoteInfo = RRSS;
		};
		984B46A62528E15E00440D26 /* PBXContainerItemProxy */ = {
			isa = PBXContainerItemProxy;
			containerPortal = 984B46792528E15D00440D26 /* Project object */;
			proxyType = 1;
			remoteGlobalIDString = 984B46802528E15D00440D26;
			remoteInfo = RRSS;
		};
/* End PBXContainerItemProxy section */

/* Begin PBXFileReference section */
		22FF5320252AB89E00E97DB4 /* HorizonsData.csv */ = {isa = PBXFileReference; fileEncoding = 4; lastKnownFileType = text; path = HorizonsData.csv; sourceTree = "<group>"; };
		22FF5328252AB8AF00E97DB4 /* Cochlea_wave_animated.gif */ = {isa = PBXFileReference; lastKnownFileType = image.gif; path = Cochlea_wave_animated.gif; sourceTree = "<group>"; };
		22FF5330252ABF7E00E97DB4 /* MessageCenterViewController.swift */ = {isa = PBXFileReference; lastKnownFileType = sourcecode.swift; path = MessageCenterViewController.swift; sourceTree = "<group>"; };
		22FF533B252AC9B300E97DB4 /* CMessageViewController.swift */ = {isa = PBXFileReference; lastKnownFileType = sourcecode.swift; path = CMessageViewController.swift; sourceTree = "<group>"; };
		22FF5340252AC9C300E97DB4 /* HammerViewController.swift */ = {isa = PBXFileReference; lastKnownFileType = sourcecode.swift; path = HammerViewController.swift; sourceTree = "<group>"; };
		22FF535F252AD3D300E97DB4 /* TasksViewController.swift */ = {isa = PBXFileReference; lastKnownFileType = sourcecode.swift; path = TasksViewController.swift; sourceTree = "<group>"; };
		22FF5367252AD43100E97DB4 /* TaskTableViewController.swift */ = {isa = PBXFileReference; lastKnownFileType = sourcecode.swift; path = TaskTableViewController.swift; sourceTree = "<group>"; };
		22FF536F252AD79D00E97DB4 /* LatencyViewController.swift */ = {isa = PBXFileReference; lastKnownFileType = sourcecode.swift; path = LatencyViewController.swift; sourceTree = "<group>"; };
		22FF5393252AF6B400E97DB4 /* Loading@2x.jpg */ = {isa = PBXFileReference; lastKnownFileType = image.jpeg; path = "Loading@2x.jpg"; sourceTree = "<group>"; };
		984B46812528E15D00440D26 /* RRSS.app */ = {isa = PBXFileReference; explicitFileType = wrapper.application; includeInIndex = 0; path = RRSS.app; sourceTree = BUILT_PRODUCTS_DIR; };
		984B46842528E15D00440D26 /* AppDelegate.swift */ = {isa = PBXFileReference; lastKnownFileType = sourcecode.swift; path = AppDelegate.swift; sourceTree = "<group>"; };
		984B46862528E15D00440D26 /* SceneDelegate.swift */ = {isa = PBXFileReference; lastKnownFileType = sourcecode.swift; path = SceneDelegate.swift; sourceTree = "<group>"; };
		984B468B2528E15D00440D26 /* Base */ = {isa = PBXFileReference; lastKnownFileType = file.storyboard; name = Base; path = Base.lproj/Main.storyboard; sourceTree = "<group>"; };
		984B468E2528E15D00440D26 /* RRSS.xcdatamodel */ = {isa = PBXFileReference; lastKnownFileType = wrapper.xcdatamodel; path = RRSS.xcdatamodel; sourceTree = "<group>"; };
		984B46902528E15D00440D26 /* Assets.xcassets */ = {isa = PBXFileReference; lastKnownFileType = folder.assetcatalog; path = Assets.xcassets; sourceTree = "<group>"; };
		984B46932528E15D00440D26 /* Base */ = {isa = PBXFileReference; lastKnownFileType = file.storyboard; name = Base; path = Base.lproj/LaunchScreen.storyboard; sourceTree = "<group>"; };
		984B46952528E15D00440D26 /* Info.plist */ = {isa = PBXFileReference; lastKnownFileType = text.plist.xml; path = Info.plist; sourceTree = "<group>"; };
		984B469A2528E15E00440D26 /* RRSSTests.xctest */ = {isa = PBXFileReference; explicitFileType = wrapper.cfbundle; includeInIndex = 0; path = RRSSTests.xctest; sourceTree = BUILT_PRODUCTS_DIR; };
		984B469E2528E15E00440D26 /* RRSSTests.swift */ = {isa = PBXFileReference; lastKnownFileType = sourcecode.swift; path = RRSSTests.swift; sourceTree = "<group>"; };
		984B46A02528E15E00440D26 /* Info.plist */ = {isa = PBXFileReference; lastKnownFileType = text.plist.xml; path = Info.plist; sourceTree = "<group>"; };
		984B46A52528E15E00440D26 /* RRSSUITests.xctest */ = {isa = PBXFileReference; explicitFileType = wrapper.cfbundle; includeInIndex = 0; path = RRSSUITests.xctest; sourceTree = BUILT_PRODUCTS_DIR; };
		984B46A92528E15E00440D26 /* RRSSUITests.swift */ = {isa = PBXFileReference; lastKnownFileType = sourcecode.swift; path = RRSSUITests.swift; sourceTree = "<group>"; };
		984B46AB2528E15E00440D26 /* Info.plist */ = {isa = PBXFileReference; lastKnownFileType = text.plist.xml; path = Info.plist; sourceTree = "<group>"; };
		984B46C32529021300440D26 /* HomeViewController.swift */ = {isa = PBXFileReference; lastKnownFileType = sourcecode.swift; path = HomeViewController.swift; sourceTree = "<group>"; };
		985C7A8525294C6000193B33 /* BandwidthViewController.swift */ = {isa = PBXFileReference; lastKnownFileType = sourcecode.swift; path = BandwidthViewController.swift; sourceTree = "<group>"; };
		985C7A8A2529519100193B33 /* EarthTimeView.swift */ = {isa = PBXFileReference; lastKnownFileType = sourcecode.swift; path = EarthTimeView.swift; sourceTree = "<group>"; };
		985C7A8F2529533F00193B33 /* MarsTimeView.swift */ = {isa = PBXFileReference; fileEncoding = 4; lastKnownFileType = sourcecode.swift; path = MarsTimeView.swift; sourceTree = "<group>"; };
		985C7A9825295C3F00193B33 /* OpenTaskView.swift */ = {isa = PBXFileReference; fileEncoding = 4; lastKnownFileType = sourcecode.swift; path = OpenTaskView.swift; sourceTree = "<group>"; };
		985C7A9D25295C4A00193B33 /* UnreadView.swift */ = {isa = PBXFileReference; fileEncoding = 4; lastKnownFileType = sourcecode.swift; path = UnreadView.swift; sourceTree = "<group>"; };
		985C7AA225295D1B00193B33 /* Bandwidth.swift */ = {isa = PBXFileReference; fileEncoding = 4; lastKnownFileType = sourcecode.swift; path = Bandwidth.swift; sourceTree = "<group>"; };
		985C7AAA25296AAD00193B33 /* MessageTableViewController.swift */ = {isa = PBXFileReference; lastKnownFileType = sourcecode.swift; path = MessageTableViewController.swift; sourceTree = "<group>"; };
		9887913C252A814A00D0A71E /* BandwidthTextView.swift */ = {isa = PBXFileReference; lastKnownFileType = sourcecode.swift; path = BandwidthTextView.swift; sourceTree = "<group>"; };
		98879154252AABA600D0A71E /* MessageDetailViewController.swift */ = {isa = PBXFileReference; lastKnownFileType = sourcecode.swift; path = MessageDetailViewController.swift; sourceTree = "<group>"; };
/* End PBXFileReference section */

/* Begin PBXFrameworksBuildPhase section */
		984B467E2528E15D00440D26 /* Frameworks */ = {
			isa = PBXFrameworksBuildPhase;
			buildActionMask = 2147483647;
			files = (
			);
			runOnlyForDeploymentPostprocessing = 0;
		};
		984B46972528E15E00440D26 /* Frameworks */ = {
			isa = PBXFrameworksBuildPhase;
			buildActionMask = 2147483647;
			files = (
			);
			runOnlyForDeploymentPostprocessing = 0;
		};
		984B46A22528E15E00440D26 /* Frameworks */ = {
			isa = PBXFrameworksBuildPhase;
			buildActionMask = 2147483647;
			files = (
			);
			runOnlyForDeploymentPostprocessing = 0;
		};
/* End PBXFrameworksBuildPhase section */

/* Begin PBXGroup section */
		22FF538A252AE9D300E97DB4 /* Task Views */ = {
			isa = PBXGroup;
			children = (
				22FF535F252AD3D300E97DB4 /* TasksViewController.swift */,
				22FF5367252AD43100E97DB4 /* TaskTableViewController.swift */,
				22FF536F252AD79D00E97DB4 /* LatencyViewController.swift */,
			);
			path = "Task Views";
			sourceTree = "<group>";
		};
		22FF538B252AE9E800E97DB4 /* Message Views */ = {
			isa = PBXGroup;
			children = (
				22FF5330252ABF7E00E97DB4 /* MessageCenterViewController.swift */,
				985C7AAA25296AAD00193B33 /* MessageTableViewController.swift */,
				98879154252AABA600D0A71E /* MessageDetailViewController.swift */,
				22FF533B252AC9B300E97DB4 /* CMessageViewController.swift */,
				22FF5340252AC9C300E97DB4 /* HammerViewController.swift */,
			);
			path = "Message Views";
			sourceTree = "<group>";
		};
		22FF538C252AEA0B00E97DB4 /* Bandwidth Views */ = {
			isa = PBXGroup;
			children = (
				985C7A8525294C6000193B33 /* BandwidthViewController.swift */,
				9887913C252A814A00D0A71E /* BandwidthTextView.swift */,
			);
			path = "Bandwidth Views";
			sourceTree = "<group>";
		};
		984B46782528E15D00440D26 = {
			isa = PBXGroup;
			children = (
				984B46832528E15D00440D26 /* RRSS */,
				984B469D2528E15E00440D26 /* RRSSTests */,
				984B46A82528E15E00440D26 /* RRSSUITests */,
				984B46822528E15D00440D26 /* Products */,
			);
			sourceTree = "<group>";
		};
		984B46822528E15D00440D26 /* Products */ = {
			isa = PBXGroup;
			children = (
				984B46812528E15D00440D26 /* RRSS.app */,
				984B469A2528E15E00440D26 /* RRSSTests.xctest */,
				984B46A52528E15E00440D26 /* RRSSUITests.xctest */,
			);
			name = Products;
			sourceTree = "<group>";
		};
		984B46832528E15D00440D26 /* RRSS */ = {
			isa = PBXGroup;
			children = (
				984B46842528E15D00440D26 /* AppDelegate.swift */,
				984B46862528E15D00440D26 /* SceneDelegate.swift */,
				984B468A2528E15D00440D26 /* Main.storyboard */,
				22FF5393252AF6B400E97DB4 /* Loading@2x.jpg */,
				984B46902528E15D00440D26 /* Assets.xcassets */,
				984B46922528E15D00440D26 /* LaunchScreen.storyboard */,
				22FF5320252AB89E00E97DB4 /* HorizonsData.csv */,
				984B46952528E15D00440D26 /* Info.plist */,
				984B468D2528E15D00440D26 /* RRSS.xcdatamodeld */,
				22FF5328252AB8AF00E97DB4 /* Cochlea_wave_animated.gif */,
				984B46C82529028900440D26 /* ViewController */,
			);
			path = RRSS;
			sourceTree = "<group>";
		};
		984B469D2528E15E00440D26 /* RRSSTests */ = {
			isa = PBXGroup;
			children = (
				984B469E2528E15E00440D26 /* RRSSTests.swift */,
				984B46A02528E15E00440D26 /* Info.plist */,
			);
			path = RRSSTests;
			sourceTree = "<group>";
		};
		984B46A82528E15E00440D26 /* RRSSUITests */ = {
			isa = PBXGroup;
			children = (
				984B46A92528E15E00440D26 /* RRSSUITests.swift */,
				984B46AB2528E15E00440D26 /* Info.plist */,
			);
			path = RRSSUITests;
			sourceTree = "<group>";
		};
		984B46C82529028900440D26 /* ViewController */ = {
			isa = PBXGroup;
			children = (
				985C7A942529535B00193B33 /* Home Tab */,
				22FF538A252AE9D300E97DB4 /* Task Views */,
				22FF538B252AE9E800E97DB4 /* Message Views */,
				22FF538C252AEA0B00E97DB4 /* Bandwidth Views */,
			);
			path = ViewController;
			sourceTree = "<group>";
		};
		985C7A942529535B00193B33 /* Home Tab */ = {
			isa = PBXGroup;
			children = (
				984B46C32529021300440D26 /* HomeViewController.swift */,
				985C7A8A2529519100193B33 /* EarthTimeView.swift */,
				985C7A9825295C3F00193B33 /* OpenTaskView.swift */,
				985C7A9D25295C4A00193B33 /* UnreadView.swift */,
				985C7AA225295D1B00193B33 /* Bandwidth.swift */,
				985C7A8F2529533F00193B33 /* MarsTimeView.swift */,
			);
			path = "Home Tab";
			sourceTree = "<group>";
		};
/* End PBXGroup section */

/* Begin PBXNativeTarget section */
		984B46802528E15D00440D26 /* RRSS */ = {
			isa = PBXNativeTarget;
			buildConfigurationList = 984B46AE2528E15E00440D26 /* Build configuration list for PBXNativeTarget "RRSS" */;
			buildPhases = (
				984B467D2528E15D00440D26 /* Sources */,
				984B467E2528E15D00440D26 /* Frameworks */,
				984B467F2528E15D00440D26 /* Resources */,
			);
			buildRules = (
			);
			dependencies = (
			);
			name = RRSS;
			productName = RRSS;
			productReference = 984B46812528E15D00440D26 /* RRSS.app */;
			productType = "com.apple.product-type.application";
		};
		984B46992528E15E00440D26 /* RRSSTests */ = {
			isa = PBXNativeTarget;
			buildConfigurationList = 984B46B12528E15E00440D26 /* Build configuration list for PBXNativeTarget "RRSSTests" */;
			buildPhases = (
				984B46962528E15E00440D26 /* Sources */,
				984B46972528E15E00440D26 /* Frameworks */,
				984B46982528E15E00440D26 /* Resources */,
			);
			buildRules = (
			);
			dependencies = (
				984B469C2528E15E00440D26 /* PBXTargetDependency */,
			);
			name = RRSSTests;
			productName = RRSSTests;
			productReference = 984B469A2528E15E00440D26 /* RRSSTests.xctest */;
			productType = "com.apple.product-type.bundle.unit-test";
		};
		984B46A42528E15E00440D26 /* RRSSUITests */ = {
			isa = PBXNativeTarget;
			buildConfigurationList = 984B46B42528E15E00440D26 /* Build configuration list for PBXNativeTarget "RRSSUITests" */;
			buildPhases = (
				984B46A12528E15E00440D26 /* Sources */,
				984B46A22528E15E00440D26 /* Frameworks */,
				984B46A32528E15E00440D26 /* Resources */,
			);
			buildRules = (
			);
			dependencies = (
				984B46A72528E15E00440D26 /* PBXTargetDependency */,
			);
			name = RRSSUITests;
			productName = RRSSUITests;
			productReference = 984B46A52528E15E00440D26 /* RRSSUITests.xctest */;
			productType = "com.apple.product-type.bundle.ui-testing";
		};
/* End PBXNativeTarget section */

/* Begin PBXProject section */
		984B46792528E15D00440D26 /* Project object */ = {
			isa = PBXProject;
			attributes = {
				LastSwiftUpdateCheck = 1200;
				LastUpgradeCheck = 1200;
				TargetAttributes = {
					984B46802528E15D00440D26 = {
						CreatedOnToolsVersion = 12.0.1;
					};
					984B46992528E15E00440D26 = {
						CreatedOnToolsVersion = 12.0.1;
						TestTargetID = 984B46802528E15D00440D26;
					};
					984B46A42528E15E00440D26 = {
						CreatedOnToolsVersion = 12.0.1;
						TestTargetID = 984B46802528E15D00440D26;
					};
				};
			};
			buildConfigurationList = 984B467C2528E15D00440D26 /* Build configuration list for PBXProject "RRSS" */;
			compatibilityVersion = "Xcode 9.3";
			developmentRegion = en;
			hasScannedForEncodings = 0;
			knownRegions = (
				en,
				Base,
			);
			mainGroup = 984B46782528E15D00440D26;
			productRefGroup = 984B46822528E15D00440D26 /* Products */;
			projectDirPath = "";
			projectRoot = "";
			targets = (
				984B46802528E15D00440D26 /* RRSS */,
				984B46992528E15E00440D26 /* RRSSTests */,
				984B46A42528E15E00440D26 /* RRSSUITests */,
			);
		};
/* End PBXProject section */

/* Begin PBXResourcesBuildPhase section */
		984B467F2528E15D00440D26 /* Resources */ = {
			isa = PBXResourcesBuildPhase;
			buildActionMask = 2147483647;
			files = (
				22FF5321252AB89E00E97DB4 /* HorizonsData.csv in Resources */,
				984B46942528E15D00440D26 /* LaunchScreen.storyboard in Resources */,
				984B46912528E15D00440D26 /* Assets.xcassets in Resources */,
				22FF5394252AF6B400E97DB4 /* Loading@2x.jpg in Resources */,
				984B468C2528E15D00440D26 /* Main.storyboard in Resources */,
				22FF5329252AB8AF00E97DB4 /* Cochlea_wave_animated.gif in Resources */,
			);
			runOnlyForDeploymentPostprocessing = 0;
		};
		984B46982528E15E00440D26 /* Resources */ = {
			isa = PBXResourcesBuildPhase;
			buildActionMask = 2147483647;
			files = (
			);
			runOnlyForDeploymentPostprocessing = 0;
		};
		984B46A32528E15E00440D26 /* Resources */ = {
			isa = PBXResourcesBuildPhase;
			buildActionMask = 2147483647;
			files = (
			);
			runOnlyForDeploymentPostprocessing = 0;
		};
/* End PBXResourcesBuildPhase section */

/* Begin PBXSourcesBuildPhase section */
		984B467D2528E15D00440D26 /* Sources */ = {
			isa = PBXSourcesBuildPhase;
			buildActionMask = 2147483647;
			files = (
				9887913D252A814A00D0A71E /* BandwidthTextView.swift in Sources */,
				985C7A8625294C6000193B33 /* BandwidthViewController.swift in Sources */,
				985C7AAB25296AAD00193B33 /* MessageTableViewController.swift in Sources */,
				22FF533C252AC9B300E97DB4 /* CMessageViewController.swift in Sources */,
				984B46C42529021300440D26 /* HomeViewController.swift in Sources */,
				22FF5331252ABF7E00E97DB4 /* MessageCenterViewController.swift in Sources */,
				22FF5368252AD43100E97DB4 /* TaskTableViewController.swift in Sources */,
				985C7AA325295D1B00193B33 /* Bandwidth.swift in Sources */,
				22FF5370252AD79D00E97DB4 /* LatencyViewController.swift in Sources */,
				984B46852528E15D00440D26 /* AppDelegate.swift in Sources */,
				985C7A902529533F00193B33 /* MarsTimeView.swift in Sources */,
				985C7A9925295C3F00193B33 /* OpenTaskView.swift in Sources */,
				985C7A8B2529519100193B33 /* EarthTimeView.swift in Sources */,
				22FF5341252AC9C300E97DB4 /* HammerViewController.swift in Sources */,
				984B46872528E15D00440D26 /* SceneDelegate.swift in Sources */,
				985C7A9E25295C4A00193B33 /* UnreadView.swift in Sources */,
				98879155252AABA600D0A71E /* MessageDetailViewController.swift in Sources */,
				984B468F2528E15D00440D26 /* RRSS.xcdatamodeld in Sources */,
				22FF5360252AD3D300E97DB4 /* TasksViewController.swift in Sources */,
			);
			runOnlyForDeploymentPostprocessing = 0;
		};
		984B46962528E15E00440D26 /* Sources */ = {
			isa = PBXSourcesBuildPhase;
			buildActionMask = 2147483647;
			files = (
				984B469F2528E15E00440D26 /* RRSSTests.swift in Sources */,
			);
			runOnlyForDeploymentPostprocessing = 0;
		};
		984B46A12528E15E00440D26 /* Sources */ = {
			isa = PBXSourcesBuildPhase;
			buildActionMask = 2147483647;
			files = (
				984B46AA2528E15E00440D26 /* RRSSUITests.swift in Sources */,
			);
			runOnlyForDeploymentPostprocessing = 0;
		};
/* End PBXSourcesBuildPhase section */

/* Begin PBXTargetDependency section */
		984B469C2528E15E00440D26 /* PBXTargetDependency */ = {
			isa = PBXTargetDependency;
			target = 984B46802528E15D00440D26 /* RRSS */;
			targetProxy = 984B469B2528E15E00440D26 /* PBXContainerItemProxy */;
		};
		984B46A72528E15E00440D26 /* PBXTargetDependency */ = {
			isa = PBXTargetDependency;
			target = 984B46802528E15D00440D26 /* RRSS */;
			targetProxy = 984B46A62528E15E00440D26 /* PBXContainerItemProxy */;
		};
/* End PBXTargetDependency section */

/* Begin PBXVariantGroup section */
		984B468A2528E15D00440D26 /* Main.storyboard */ = {
			isa = PBXVariantGroup;
			children = (
				984B468B2528E15D00440D26 /* Base */,
			);
			name = Main.storyboard;
			sourceTree = "<group>";
		};
		984B46922528E15D00440D26 /* LaunchScreen.storyboard */ = {
			isa = PBXVariantGroup;
			children = (
				984B46932528E15D00440D26 /* Base */,
			);
			name = LaunchScreen.storyboard;
			sourceTree = "<group>";
		};
/* End PBXVariantGroup section */

/* Begin XCBuildConfiguration section */
		984B46AC2528E15E00440D26 /* Debug */ = {
			isa = XCBuildConfiguration;
			buildSettings = {
				ALWAYS_SEARCH_USER_PATHS = NO;
				CLANG_ANALYZER_NONNULL = YES;
				CLANG_ANALYZER_NUMBER_OBJECT_CONVERSION = YES_AGGRESSIVE;
				CLANG_CXX_LANGUAGE_STANDARD = "gnu++14";
				CLANG_CXX_LIBRARY = "libc++";
				CLANG_ENABLE_MODULES = YES;
				CLANG_ENABLE_OBJC_ARC = YES;
				CLANG_ENABLE_OBJC_WEAK = YES;
				CLANG_WARN_BLOCK_CAPTURE_AUTORELEASING = YES;
				CLANG_WARN_BOOL_CONVERSION = YES;
				CLANG_WARN_COMMA = YES;
				CLANG_WARN_CONSTANT_CONVERSION = YES;
				CLANG_WARN_DEPRECATED_OBJC_IMPLEMENTATIONS = YES;
				CLANG_WARN_DIRECT_OBJC_ISA_USAGE = YES_ERROR;
				CLANG_WARN_DOCUMENTATION_COMMENTS = YES;
				CLANG_WARN_EMPTY_BODY = YES;
				CLANG_WARN_ENUM_CONVERSION = YES;
				CLANG_WARN_INFINITE_RECURSION = YES;
				CLANG_WARN_INT_CONVERSION = YES;
				CLANG_WARN_NON_LITERAL_NULL_CONVERSION = YES;
				CLANG_WARN_OBJC_IMPLICIT_RETAIN_SELF = YES;
				CLANG_WARN_OBJC_LITERAL_CONVERSION = YES;
				CLANG_WARN_OBJC_ROOT_CLASS = YES_ERROR;
				CLANG_WARN_QUOTED_INCLUDE_IN_FRAMEWORK_HEADER = YES;
				CLANG_WARN_RANGE_LOOP_ANALYSIS = YES;
				CLANG_WARN_STRICT_PROTOTYPES = YES;
				CLANG_WARN_SUSPICIOUS_MOVE = YES;
				CLANG_WARN_UNGUARDED_AVAILABILITY = YES_AGGRESSIVE;
				CLANG_WARN_UNREACHABLE_CODE = YES;
				CLANG_WARN__DUPLICATE_METHOD_MATCH = YES;
				COPY_PHASE_STRIP = NO;
				DEBUG_INFORMATION_FORMAT = dwarf;
				ENABLE_STRICT_OBJC_MSGSEND = YES;
				ENABLE_TESTABILITY = YES;
				GCC_C_LANGUAGE_STANDARD = gnu11;
				GCC_DYNAMIC_NO_PIC = NO;
				GCC_NO_COMMON_BLOCKS = YES;
				GCC_OPTIMIZATION_LEVEL = 0;
				GCC_PREPROCESSOR_DEFINITIONS = (
					"DEBUG=1",
					"$(inherited)",
				);
				GCC_WARN_64_TO_32_BIT_CONVERSION = YES;
				GCC_WARN_ABOUT_RETURN_TYPE = YES_ERROR;
				GCC_WARN_UNDECLARED_SELECTOR = YES;
				GCC_WARN_UNINITIALIZED_AUTOS = YES_AGGRESSIVE;
				GCC_WARN_UNUSED_FUNCTION = YES;
				GCC_WARN_UNUSED_VARIABLE = YES;
				IPHONEOS_DEPLOYMENT_TARGET = 14.0;
				MTL_ENABLE_DEBUG_INFO = INCLUDE_SOURCE;
				MTL_FAST_MATH = YES;
				ONLY_ACTIVE_ARCH = YES;
				SDKROOT = iphoneos;
				SWIFT_ACTIVE_COMPILATION_CONDITIONS = DEBUG;
				SWIFT_OPTIMIZATION_LEVEL = "-Onone";
			};
			name = Debug;
		};
		984B46AD2528E15E00440D26 /* Release */ = {
			isa = XCBuildConfiguration;
			buildSettings = {
				ALWAYS_SEARCH_USER_PATHS = NO;
				CLANG_ANALYZER_NONNULL = YES;
				CLANG_ANALYZER_NUMBER_OBJECT_CONVERSION = YES_AGGRESSIVE;
				CLANG_CXX_LANGUAGE_STANDARD = "gnu++14";
				CLANG_CXX_LIBRARY = "libc++";
				CLANG_ENABLE_MODULES = YES;
				CLANG_ENABLE_OBJC_ARC = YES;
				CLANG_ENABLE_OBJC_WEAK = YES;
				CLANG_WARN_BLOCK_CAPTURE_AUTORELEASING = YES;
				CLANG_WARN_BOOL_CONVERSION = YES;
				CLANG_WARN_COMMA = YES;
				CLANG_WARN_CONSTANT_CONVERSION = YES;
				CLANG_WARN_DEPRECATED_OBJC_IMPLEMENTATIONS = YES;
				CLANG_WARN_DIRECT_OBJC_ISA_USAGE = YES_ERROR;
				CLANG_WARN_DOCUMENTATION_COMMENTS = YES;
				CLANG_WARN_EMPTY_BODY = YES;
				CLANG_WARN_ENUM_CONVERSION = YES;
				CLANG_WARN_INFINITE_RECURSION = YES;
				CLANG_WARN_INT_CONVERSION = YES;
				CLANG_WARN_NON_LITERAL_NULL_CONVERSION = YES;
				CLANG_WARN_OBJC_IMPLICIT_RETAIN_SELF = YES;
				CLANG_WARN_OBJC_LITERAL_CONVERSION = YES;
				CLANG_WARN_OBJC_ROOT_CLASS = YES_ERROR;
				CLANG_WARN_QUOTED_INCLUDE_IN_FRAMEWORK_HEADER = YES;
				CLANG_WARN_RANGE_LOOP_ANALYSIS = YES;
				CLANG_WARN_STRICT_PROTOTYPES = YES;
				CLANG_WARN_SUSPICIOUS_MOVE = YES;
				CLANG_WARN_UNGUARDED_AVAILABILITY = YES_AGGRESSIVE;
				CLANG_WARN_UNREACHABLE_CODE = YES;
				CLANG_WARN__DUPLICATE_METHOD_MATCH = YES;
				COPY_PHASE_STRIP = NO;
				DEBUG_INFORMATION_FORMAT = "dwarf-with-dsym";
				ENABLE_NS_ASSERTIONS = NO;
				ENABLE_STRICT_OBJC_MSGSEND = YES;
				GCC_C_LANGUAGE_STANDARD = gnu11;
				GCC_NO_COMMON_BLOCKS = YES;
				GCC_WARN_64_TO_32_BIT_CONVERSION = YES;
				GCC_WARN_ABOUT_RETURN_TYPE = YES_ERROR;
				GCC_WARN_UNDECLARED_SELECTOR = YES;
				GCC_WARN_UNINITIALIZED_AUTOS = YES_AGGRESSIVE;
				GCC_WARN_UNUSED_FUNCTION = YES;
				GCC_WARN_UNUSED_VARIABLE = YES;
				IPHONEOS_DEPLOYMENT_TARGET = 14.0;
				MTL_ENABLE_DEBUG_INFO = NO;
				MTL_FAST_MATH = YES;
				SDKROOT = iphoneos;
				SWIFT_COMPILATION_MODE = wholemodule;
				SWIFT_OPTIMIZATION_LEVEL = "-O";
				VALIDATE_PRODUCT = YES;
			};
			name = Release;
		};
		984B46AF2528E15E00440D26 /* Debug */ = {
			isa = XCBuildConfiguration;
			buildSettings = {
				ASSETCATALOG_COMPILER_APPICON_NAME = AppIcon;
				ASSETCATALOG_COMPILER_GLOBAL_ACCENT_COLOR_NAME = AccentColor;
				CODE_SIGN_STYLE = Automatic;
				DEVELOPMENT_TEAM = V3PN5T62NE;
				INFOPLIST_FILE = RRSS/Info.plist;
				LD_RUNPATH_SEARCH_PATHS = (
					"$(inherited)",
					"@executable_path/Frameworks",
				);
				PRODUCT_BUNDLE_IDENTIFIER = com.pip.RRSS;
				PRODUCT_NAME = "$(TARGET_NAME)";
				SWIFT_VERSION = 5.0;
				TARGETED_DEVICE_FAMILY = "1,2";
			};
			name = Debug;
		};
		984B46B02528E15E00440D26 /* Release */ = {
			isa = XCBuildConfiguration;
			buildSettings = {
				ASSETCATALOG_COMPILER_APPICON_NAME = AppIcon;
				ASSETCATALOG_COMPILER_GLOBAL_ACCENT_COLOR_NAME = AccentColor;
				CODE_SIGN_STYLE = Automatic;
				DEVELOPMENT_TEAM = V3PN5T62NE;
				INFOPLIST_FILE = RRSS/Info.plist;
				LD_RUNPATH_SEARCH_PATHS = (
					"$(inherited)",
					"@executable_path/Frameworks",
				);
				PRODUCT_BUNDLE_IDENTIFIER = com.pip.RRSS;
				PRODUCT_NAME = "$(TARGET_NAME)";
				SWIFT_VERSION = 5.0;
				TARGETED_DEVICE_FAMILY = "1,2";
			};
			name = Release;
		};
		984B46B22528E15E00440D26 /* Debug */ = {
			isa = XCBuildConfiguration;
			buildSettings = {
				ALWAYS_EMBED_SWIFT_STANDARD_LIBRARIES = YES;
				BUNDLE_LOADER = "$(TEST_HOST)";
				CODE_SIGN_STYLE = Automatic;
				DEVELOPMENT_TEAM = D536X67KHA;
				INFOPLIST_FILE = RRSSTests/Info.plist;
				IPHONEOS_DEPLOYMENT_TARGET = 14.0;
				LD_RUNPATH_SEARCH_PATHS = (
					"$(inherited)",
					"@executable_path/Frameworks",
					"@loader_path/Frameworks",
				);
				PRODUCT_BUNDLE_IDENTIFIER = com.pip.RRSSTests;
				PRODUCT_NAME = "$(TARGET_NAME)";
				SWIFT_VERSION = 5.0;
				TARGETED_DEVICE_FAMILY = "1,2";
				TEST_HOST = "$(BUILT_PRODUCTS_DIR)/RRSS.app/RRSS";
			};
			name = Debug;
		};
		984B46B32528E15E00440D26 /* Release */ = {
			isa = XCBuildConfiguration;
			buildSettings = {
				ALWAYS_EMBED_SWIFT_STANDARD_LIBRARIES = YES;
				BUNDLE_LOADER = "$(TEST_HOST)";
				CODE_SIGN_STYLE = Automatic;
				DEVELOPMENT_TEAM = D536X67KHA;
				INFOPLIST_FILE = RRSSTests/Info.plist;
				IPHONEOS_DEPLOYMENT_TARGET = 14.0;
				LD_RUNPATH_SEARCH_PATHS = (
					"$(inherited)",
					"@executable_path/Frameworks",
					"@loader_path/Frameworks",
				);
				PRODUCT_BUNDLE_IDENTIFIER = com.pip.RRSSTests;
				PRODUCT_NAME = "$(TARGET_NAME)";
				SWIFT_VERSION = 5.0;
				TARGETED_DEVICE_FAMILY = "1,2";
				TEST_HOST = "$(BUILT_PRODUCTS_DIR)/RRSS.app/RRSS";
			};
			name = Release;
		};
		984B46B52528E15E00440D26 /* Debug */ = {
			isa = XCBuildConfiguration;
			buildSettings = {
				ALWAYS_EMBED_SWIFT_STANDARD_LIBRARIES = YES;
				CODE_SIGN_STYLE = Automatic;
				DEVELOPMENT_TEAM = D536X67KHA;
				INFOPLIST_FILE = RRSSUITests/Info.plist;
				LD_RUNPATH_SEARCH_PATHS = (
					"$(inherited)",
					"@executable_path/Frameworks",
					"@loader_path/Frameworks",
				);
				PRODUCT_BUNDLE_IDENTIFIER = com.pip.RRSSUITests;
				PRODUCT_NAME = "$(TARGET_NAME)";
				SWIFT_VERSION = 5.0;
				TARGETED_DEVICE_FAMILY = "1,2";
				TEST_TARGET_NAME = RRSS;
			};
			name = Debug;
		};
		984B46B62528E15E00440D26 /* Release */ = {
			isa = XCBuildConfiguration;
			buildSettings = {
				ALWAYS_EMBED_SWIFT_STANDARD_LIBRARIES = YES;
				CODE_SIGN_STYLE = Automatic;
				DEVELOPMENT_TEAM = D536X67KHA;
				INFOPLIST_FILE = RRSSUITests/Info.plist;
				LD_RUNPATH_SEARCH_PATHS = (
					"$(inherited)",
					"@executable_path/Frameworks",
					"@loader_path/Frameworks",
				);
				PRODUCT_BUNDLE_IDENTIFIER = com.pip.RRSSUITests;
				PRODUCT_NAME = "$(TARGET_NAME)";
				SWIFT_VERSION = 5.0;
				TARGETED_DEVICE_FAMILY = "1,2";
				TEST_TARGET_NAME = RRSS;
			};
			name = Release;
		};
/* End XCBuildConfiguration section */

/* Begin XCConfigurationList section */
		984B467C2528E15D00440D26 /* Build configuration list for PBXProject "RRSS" */ = {
			isa = XCConfigurationList;
			buildConfigurations = (
				984B46AC2528E15E00440D26 /* Debug */,
				984B46AD2528E15E00440D26 /* Release */,
			);
			defaultConfigurationIsVisible = 0;
			defaultConfigurationName = Release;
		};
		984B46AE2528E15E00440D26 /* Build configuration list for PBXNativeTarget "RRSS" */ = {
			isa = XCConfigurationList;
			buildConfigurations = (
				984B46AF2528E15E00440D26 /* Debug */,
				984B46B02528E15E00440D26 /* Release */,
			);
			defaultConfigurationIsVisible = 0;
			defaultConfigurationName = Release;
		};
		984B46B12528E15E00440D26 /* Build configuration list for PBXNativeTarget "RRSSTests" */ = {
			isa = XCConfigurationList;
			buildConfigurations = (
				984B46B22528E15E00440D26 /* Debug */,
				984B46B32528E15E00440D26 /* Release */,
			);
			defaultConfigurationIsVisible = 0;
			defaultConfigurationName = Release;
		};
		984B46B42528E15E00440D26 /* Build configuration list for PBXNativeTarget "RRSSUITests" */ = {
			isa = XCConfigurationList;
			buildConfigurations = (
				984B46B52528E15E00440D26 /* Debug */,
				984B46B62528E15E00440D26 /* Release */,
			);
			defaultConfigurationIsVisible = 0;
			defaultConfigurationName = Release;
		};
/* End XCConfigurationList section */

/* Begin XCVersionGroup section */
		984B468D2528E15D00440D26 /* RRSS.xcdatamodeld */ = {
			isa = XCVersionGroup;
			children = (
				984B468E2528E15D00440D26 /* RRSS.xcdatamodel */,
			);
			currentVersion = 984B468E2528E15D00440D26 /* RRSS.xcdatamodel */;
			path = RRSS.xcdatamodeld;
			sourceTree = "<group>";
			versionGroupType = wrapper.xcdatamodel;
		};
/* End XCVersionGroup section */
	};
	rootObject = 984B46792528E15D00440D26 /* Project object */;
}
